
Microsoft Visual Studio Solution File, Format Version 12.00
# Visual Studio 15
VisualStudioVersion = 15.0.28010.2046
MinimumVisualStudioVersion = 10.0.40219.1
Project("{8BC9CEB8-8B4A-11D0-8D11-00A0C91BC942}") = "20181105", "20181105\20181105.vcxproj", "{FAE828FA-157D-47BA-9650-7AB851A20586}"
EndProject
Project("{8BC9CEB8-8B4A-11D0-8D11-00A0C91BC942}") = "Cau30", "Cau30\Cau30.vcxproj", "{93F22610-D735-40F7-A085-8467457EA1D3}"
EndProject
Project("{8BC9CEB8-8B4A-11D0-8D11-00A0C91BC942}") = "Cau31", "Cau31\Cau31.vcxproj", "{6214D8A7-D6E0-4028-A4C6-6F9714A861A5}"
EndProject
Global
	GlobalSection(SolutionConfigurationPlatforms) = preSolution
		Debug|x64 = Debug|x64
		Debug|x86 = Debug|x86
		Release|x64 = Release|x64
		Release|x86 = Release|x86
	EndGlobalSection
	GlobalSection(ProjectConfigurationPlatforms) = postSolution
		{FAE828FA-157D-47BA-9650-7AB851A20586}.Debug|x64.ActiveCfg = Debug|x64
		{FAE828FA-157D-47BA-9650-7AB851A20586}.Debug|x64.Build.0 = Debug|x64
		{FAE828FA-157D-47BA-9650-7AB851A20586}.Debug|x86.ActiveCfg = Debug|Win32
		{FAE828FA-157D-47BA-9650-7AB851A20586}.Debug|x86.Build.0 = Debug|Win32
		{FAE828FA-157D-47BA-9650-7AB851A20586}.Release|x64.ActiveCfg = Release|x64
		{FAE828FA-157D-47BA-9650-7AB851A20586}.Release|x64.Build.0 = Release|x64
		{FAE828FA-157D-47BA-9650-7AB851A20586}.Release|x86.ActiveCfg = Release|Win32
		{FAE828FA-157D-47BA-9650-7AB851A20586}.Release|x86.Build.0 = Release|Win32
		{93F22610-D735-40F7-A085-8467457EA1D3}.Debug|x64.ActiveCfg = Debug|x64
		{93F22610-D735-40F7-A085-8467457EA1D3}.Debug|x64.Build.0 = Debug|x64
		{93F22610-D735-40F7-A085-8467457EA1D3}.Debug|x86.ActiveCfg = Debug|Win32
		{93F22610-D735-40F7-A085-8467457EA1D3}.Debug|x86.Build.0 = Debug|Win32
		{93F22610-D735-40F7-A085-8467457EA1D3}.Release|x64.ActiveCfg = Release|x64
		{93F22610-D735-40F7-A085-8467457EA1D3}.Release|x64.Build.0 = Release|x64
		{93F22610-D735-40F7-A085-8467457EA1D3}.Release|x86.ActiveCfg = Release|Win32
		{93F22610-D735-40F7-A085-8467457EA1D3}.Release|x86.Build.0 = Release|Win32
		{6214D8A7-D6E0-4028-A4C6-6F9714A861A5}.Debug|x64.ActiveCfg = Debug|x64
		{6214D8A7-D6E0-4028-A4C6-6F9714A861A5}.Debug|x64.Build.0 = Debug|x64
		{6214D8A7-D6E0-4028-A4C6-6F9714A861A5}.Debug|x86.ActiveCfg = Debug|Win32
		{6214D8A7-D6E0-4028-A4C6-6F9714A861A5}.Debug|x86.Build.0 = Debug|Win32
		{6214D8A7-D6E0-4028-A4C6-6F9714A861A5}.Release|x64.ActiveCfg = Release|x64
		{6214D8A7-D6E0-4028-A4C6-6F9714A861A5}.Release|x64.Build.0 = Release|x64
		{6214D8A7-D6E0-4028-A4C6-6F9714A861A5}.Release|x86.ActiveCfg = Release|Win32
		{6214D8A7-D6E0-4028-A4C6-6F9714A861A5}.Release|x86.Build.0 = Release|Win32
	EndGlobalSection
	GlobalSection(SolutionProperties) = preSolution
		HideSolutionNode = FALSE
	EndGlobalSection
	GlobalSection(ExtensibilityGlobals) = postSolution
		SolutionGuid = {F4229029-A236-4534-B378-8CB2B8957EFC}
	EndGlobalSection
EndGlobal
